<Solution>
  <Folder Name="/Solution Items/">
    <File Path=".editorconfig" />
    <File Path="CSharp Style Rules.txt" />
    <File Path="csharp-port-idea.md" />
  </Folder>
  <Project Path="Xfty.Test/Xfty.Test.csproj" />
  <Project Path="Xfty/Xfty.csproj" />
  <Project Path="Xfty.EntityFrameworkCore/Xfty.EntityFrameworkCore.csproj" />
  <Project Path="Xfty.EntityFrameworkCore.Test/Xfty.EntityFrameworkCore.Test.csproj" />
  <Project Path="Xfty.Bogus/Xfty.Bogus.csproj" />
  <Project Path="Xfty.Bogus.Test/Xfty.Bogus.Test.csproj" />
  <Project Path="Xfty.VectorDatabases/Xfty.VectorDatabases.csproj" />
  <Project Path="Xfty.VectorDatabases.Test/Xfty.VectorDatabases.Test.csproj" />
  <Project Path="Xfty.VectorDatabases.Qdrant/Xfty.VectorDatabases.Qdrant.csproj" />
  <Project Path="Xfty.VectorDatabases.Qdrant.Test/Xfty.VectorDatabases.Qdrant.Test.csproj" />
  <Project Path="Xfty.VectorDatabases.MicrosoftExtensionsVectorData/Xfty.VectorDatabases.MicrosoftExtensionsVectorData.csproj" />
  <Project Path="Xfty.VectorDatabases.MicrosoftExtensionsVectorData.Test/Xfty.VectorDatabases.MicrosoftExtensionsVectorData.Test.csproj" />
</Solution>
