<Solution>
  <Folder Name="/Solution Items/">
    <File Path=".editorconfig" />
    <File Path="README.md" />
    <File Path="CHANGELOG.md" />
    <File Path="LICENSE" />
    <File Path="Directory.Build.props" />
    <File Path="Xfty.ci-cross-platform.slnf" />
  </Folder>
  <Project Path="docs/Xfty.Docs.csproj" />
  <Project Path="Xfty.Test/Xfty.Test.csproj" />
  <Project Path="Xfty/Xfty.csproj" />
  <Project Path="Xfty.NetStandardCompat.Test/Xfty.NetStandardCompat.Test.csproj" />
  <Project Path="Xfty.EntityFrameworkCore/Xfty.EntityFrameworkCore.csproj" />
  <Project Path="Xfty.EntityFrameworkCore.Test/Xfty.EntityFrameworkCore.Test.csproj" />
  <Project Path="Xfty.Bogus/Xfty.Bogus.csproj" />
  <Project Path="Xfty.Bogus.Test/Xfty.Bogus.Test.csproj" />
  <Project Path="Xfty.VectorDatabases/Xfty.VectorDatabases.csproj" />
  <Project Path="Xfty.VectorDatabases.Test/Xfty.VectorDatabases.Test.csproj" />
  <Project Path="Xfty.VectorDatabases.Qdrant/Xfty.VectorDatabases.Qdrant.csproj" />
  <Project Path="Xfty.VectorDatabases.Qdrant.Test/Xfty.VectorDatabases.Qdrant.Test.csproj" />
  <Project Path="Xfty.VectorDatabases.MicrosoftExtensionsVectorData/Xfty.VectorDatabases.MicrosoftExtensionsVectorData.csproj" />
  <Project Path="Xfty.VectorDatabases.MicrosoftExtensionsVectorData.Test/Xfty.VectorDatabases.MicrosoftExtensionsVectorData.Test.csproj" />
  <Project Path="Xfty.Xunit/Xfty.Xunit.csproj" />
  <Project Path="Xfty.Xunit.Test/Xfty.Xunit.Test.csproj" />
  <Project Path="Xfty.AutoFixture/Xfty.AutoFixture.csproj" />
  <Project Path="Xfty.AutoFixture.Test/Xfty.AutoFixture.Test.csproj" />
  <Project Path="Xfty.AutoBogus/Xfty.AutoBogus.csproj" />
  <Project Path="Xfty.AutoBogus.Test/Xfty.AutoBogus.Test.csproj" />
  <Project Path="Xfty.FSharpAsync/Xfty.FSharpAsync.fsproj" />
  <Project Path="Xfty.FSharpAsync.Test/Xfty.FSharpAsync.Test.fsproj" />
</Solution>
